
Microsoft Visual Studio Solution File, Format Version 12.00
# Visual Studio Version 17
VisualStudioVersion = 17.7.34031.279
MinimumVisualStudioVersion = 10.0.40219.1
Project("{FAE04EC0-301F-11D3-BF4B-00C04F79EFBC}") = "Media_Player_APP", "Media_Player_APP.csproj", "{2553E363-A39D-422C-98AC-76D352C3F49A}"
EndProject
Global
	GlobalSection(SolutionConfigurationPlatforms) = preSolution
		Debug|Any CPU = Debug|Any CPU
		Release|Any CPU = Release|Any CPU
	EndGlobalSection
	GlobalSection(ProjectConfigurationPlatforms) = postSolution
		{2553E363-A39D-422C-98AC-76D352C3F49A}.Debug|Any CPU.ActiveCfg = Debug|Any CPU
		{2553E363-A39D-422C-98AC-76D352C3F49A}.Debug|Any CPU.Build.0 = Debug|Any CPU
		{2553E363-A39D-422C-98AC-76D352C3F49A}.Release|Any CPU.ActiveCfg = Release|Any CPU
		{2553E363-A39D-422C-98AC-76D352C3F49A}.Release|Any CPU.Build.0 = Release|Any CPU
	EndGlobalSection
	GlobalSection(SolutionProperties) = preSolution
		HideSolutionNode = FALSE
	EndGlobalSection
	GlobalSection(ExtensibilityGlobals) = postSolution
		SolutionGuid = {EB7A078F-F9C5-4B02-9C9A-7E12D97679F8}
	EndGlobalSection
EndGlobal
